
Microsoft Visual Studio Solution File, Format Version 12.00
# Visual Studio 15
VisualStudioVersion = 15.0.26730.16
MinimumVisualStudioVersion = 10.0.40219.1
Project("{FAE04EC0-301F-11D3-BF4B-00C04F79EFBC}") = "MyChat", "MyChat\MyChat.csproj", "{08A70EE7-AB4E-4AB1-B6D7-01754A544DF7}"
EndProject
Global
	GlobalSection(SolutionConfigurationPlatforms) = preSolution
		Debug|Any CPU = Debug|Any CPU
		Release|Any CPU = Release|Any CPU
	EndGlobalSection
	GlobalSection(ProjectConfigurationPlatforms) = postSolution
		{08A70EE7-AB4E-4AB1-B6D7-01754A544DF7}.Debug|Any CPU.ActiveCfg = Debug|Any CPU
		{08A70EE7-AB4E-4AB1-B6D7-01754A544DF7}.Debug|Any CPU.Build.0 = Debug|Any CPU
		{08A70EE7-AB4E-4AB1-B6D7-01754A544DF7}.Release|Any CPU.ActiveCfg = Release|Any CPU
		{08A70EE7-AB4E-4AB1-B6D7-01754A544DF7}.Release|Any CPU.Build.0 = Release|Any CPU
	EndGlobalSection
	GlobalSection(SolutionProperties) = preSolution
		HideSolutionNode = FALSE
	EndGlobalSection
	GlobalSection(ExtensibilityGlobals) = postSolution
		SolutionGuid = {7BFCBC58-672A-4B11-9007-F0CBC31395F6}
	EndGlobalSection
EndGlobal
